{
    "_meta": {
        "hash": {
            "sha256": "ceeb9a8f77635ec57e99c4acd2df0d977131c50c88a3e30c6af978660f20310f"
        },
        "pipfile-spec": 6,
        "requires": {
            "python_version": "3.6"
        },
        "sources": [
            {
                "name": "pypi",
                "url": "https://pypi.python.org/simple",
                "verify_ssl": true
            }
        ]
    },
    "default": {
        "tornado": {
            "hashes": [
                "sha256:1b83d5c10550f2653380b4c77331d6f8850f287c4f67d7ce1e1c639d9222fbc7",
                "sha256:408d129e9d13d3c55aa73f8084aa97d5f90ed84132e38d6932e63a67d5bec563",
                "sha256:88ce0282cce70df9045e515f578c78f1ebc35dcabe1d70f800c3583ebda7f5f5",
                "sha256:ba9fbb249ac5390bff8a1d6aa4b844fd400701069bda7d2e380dfe2217895101",
                "sha256:c050089173c2e9272244bccfb6a8615fb9e53b79420a5551acfa76094ecc3111"
            ],
            "index": "pypi",
            "version": "==5.0.2"
        }
    },
    "develop": {}
}
